// !$*UTF8*$!
{
	archiveVersion = 1;
	classes = {
	};
	objectVersion = 52;
	objects = {

/* Begin PBXBuildFile section */
		95468B142645B70C003563FB /* LottieWeatherAppApp.swift in Sources */ = {isa = PBXBuildFile; fileRef = 95468B132645B70C003563FB /* LottieWeatherAppApp.swift */; };
		95468B162645B70C003563FB /* ContentView.swift in Sources */ = {isa = PBXBuildFile; fileRef = 95468B152645B70C003563FB /* ContentView.swift */; };
		95468B182645B70E003563FB /* Assets.xcassets in Resources */ = {isa = PBXBuildFile; fileRef = 95468B172645B70E003563FB /* Assets.xcassets */; };
		95468B1B2645B70E003563FB /* Preview Assets.xcassets in Resources */ = {isa = PBXBuildFile; fileRef = 95468B1A2645B70E003563FB /* Preview Assets.xcassets */; };
		95468B282645BB8A003563FB /* API.swift in Sources */ = {isa = PBXBuildFile; fileRef = 95468B272645BB8A003563FB /* API.swift */; };
		95468B2A2645BBB7003563FB /* API+extensions.swift in Sources */ = {isa = PBXBuildFile; fileRef = 95468B292645BBB7003563FB /* API+extensions.swift */; };
		95468B2C2645BD3C003563FB /* NetworkManager.swift in Sources */ = {isa = PBXBuildFile; fileRef = 95468B2B2645BD3C003563FB /* NetworkManager.swift */; };
		95468B2E2645C090003563FB /* WeatherResponse.swift in Sources */ = {isa = PBXBuildFile; fileRef = 95468B2D2645C090003563FB /* WeatherResponse.swift */; };
		95468B302645C0D3003563FB /* Weather.swift in Sources */ = {isa = PBXBuildFile; fileRef = 95468B2F2645C0D3003563FB /* Weather.swift */; };
		95468B322645C0E2003563FB /* WeatherDetail.swift in Sources */ = {isa = PBXBuildFile; fileRef = 95468B312645C0E2003563FB /* WeatherDetail.swift */; };
		95468B342645C0F4003563FB /* DailyWeather.swift in Sources */ = {isa = PBXBuildFile; fileRef = 95468B332645C0F4003563FB /* DailyWeather.swift */; };
		95468B362645C109003563FB /* Temperature.swift in Sources */ = {isa = PBXBuildFile; fileRef = 95468B352645C109003563FB /* Temperature.swift */; };
		95468B38264691D7003563FB /* CityViewViewModel.swift in Sources */ = {isa = PBXBuildFile; fileRef = 95468B37264691D7003563FB /* CityViewViewModel.swift */; };
		95468B3B26470EA0003563FB /* Lottie in Frameworks */ = {isa = PBXBuildFile; productRef = 95468B3A26470EA0003563FB /* Lottie */; };
		95468B4E26470F0E003563FB /* nightClearSky.json in Resources */ = {isa = PBXBuildFile; fileRef = 95468B3C26470F0D003563FB /* nightClearSky.json */; };
		95468B4F26470F0E003563FB /* nightScatterClouds.json in Resources */ = {isa = PBXBuildFile; fileRef = 95468B3D26470F0D003563FB /* nightScatterClouds.json */; };
		95468B5026470F0E003563FB /* nightFewClouds.json in Resources */ = {isa = PBXBuildFile; fileRef = 95468B3E26470F0D003563FB /* nightFewClouds.json */; };
		95468B5126470F0E003563FB /* nightThunderstorm.json in Resources */ = {isa = PBXBuildFile; fileRef = 95468B3F26470F0D003563FB /* nightThunderstorm.json */; };
		95468B5226470F0E003563FB /* nightRain.json in Resources */ = {isa = PBXBuildFile; fileRef = 95468B4026470F0E003563FB /* nightRain.json */; };
		95468B5326470F0E003563FB /* dayClearSky.json in Resources */ = {isa = PBXBuildFile; fileRef = 95468B4126470F0E003563FB /* dayClearSky.json */; };
		95468B5426470F0E003563FB /* daySnow.json in Resources */ = {isa = PBXBuildFile; fileRef = 95468B4226470F0E003563FB /* daySnow.json */; };
		95468B5526470F0E003563FB /* dayFewClouds.json in Resources */ = {isa = PBXBuildFile; fileRef = 95468B4326470F0E003563FB /* dayFewClouds.json */; };
		95468B5626470F0E003563FB /* dayMist.json in Resources */ = {isa = PBXBuildFile; fileRef = 95468B4426470F0E003563FB /* dayMist.json */; };
		95468B5726470F0E003563FB /* nightSnow.json in Resources */ = {isa = PBXBuildFile; fileRef = 95468B4526470F0E003563FB /* nightSnow.json */; };
		95468B5826470F0E003563FB /* nightBrokenClouds.json in Resources */ = {isa = PBXBuildFile; fileRef = 95468B4626470F0E003563FB /* nightBrokenClouds.json */; };
		95468B5926470F0E003563FB /* dayRain.json in Resources */ = {isa = PBXBuildFile; fileRef = 95468B4726470F0E003563FB /* dayRain.json */; };
		95468B5A26470F0E003563FB /* dayScatterClouds.json in Resources */ = {isa = PBXBuildFile; fileRef = 95468B4826470F0E003563FB /* dayScatterClouds.json */; };
		95468B5B26470F0E003563FB /* dayShowerRains.json in Resources */ = {isa = PBXBuildFile; fileRef = 95468B4926470F0E003563FB /* dayShowerRains.json */; };
		95468B5C26470F0E003563FB /* nightShowerRains.json in Resources */ = {isa = PBXBuildFile; fileRef = 95468B4A26470F0E003563FB /* nightShowerRains.json */; };
		95468B5D26470F0E003563FB /* dayBrokenClouds.json in Resources */ = {isa = PBXBuildFile; fileRef = 95468B4B26470F0E003563FB /* dayBrokenClouds.json */; };
		95468B5E26470F0E003563FB /* nightMist.json in Resources */ = {isa = PBXBuildFile; fileRef = 95468B4C26470F0E003563FB /* nightMist.json */; };
		95468B5F26470F0E003563FB /* dayThunderstorm.json in Resources */ = {isa = PBXBuildFile; fileRef = 95468B4D26470F0E003563FB /* dayThunderstorm.json */; };
		95468B6126470F33003563FB /* LottieView.swift in Sources */ = {isa = PBXBuildFile; fileRef = 95468B6026470F33003563FB /* LottieView.swift */; };
/* End PBXBuildFile section */

/* Begin PBXFileReference section */
		95468B102645B70C003563FB /* LottieWeatherApp.app */ = {isa = PBXFileReference; explicitFileType = wrapper.application; includeInIndex = 0; path = LottieWeatherApp.app; sourceTree = BUILT_PRODUCTS_DIR; };
		95468B132645B70C003563FB /* LottieWeatherAppApp.swift */ = {isa = PBXFileReference; lastKnownFileType = sourcecode.swift; path = LottieWeatherAppApp.swift; sourceTree = "<group>"; };
		95468B152645B70C003563FB /* ContentView.swift */ = {isa = PBXFileReference; lastKnownFileType = sourcecode.swift; path = ContentView.swift; sourceTree = "<group>"; };
		95468B172645B70E003563FB /* Assets.xcassets */ = {isa = PBXFileReference; lastKnownFileType = folder.assetcatalog; path = Assets.xcassets; sourceTree = "<group>"; };
		95468B1A2645B70E003563FB /* Preview Assets.xcassets */ = {isa = PBXFileReference; lastKnownFileType = folder.assetcatalog; path = "Preview Assets.xcassets"; sourceTree = "<group>"; };
		95468B1C2645B70E003563FB /* Info.plist */ = {isa = PBXFileReference; lastKnownFileType = text.plist.xml; path = Info.plist; sourceTree = "<group>"; };
		95468B272645BB8A003563FB /* API.swift */ = {isa = PBXFileReference; lastKnownFileType = sourcecode.swift; path = API.swift; sourceTree = "<group>"; };
		95468B292645BBB7003563FB /* API+extensions.swift */ = {isa = PBXFileReference; lastKnownFileType = sourcecode.swift; path = "API+extensions.swift"; sourceTree = "<group>"; };
		95468B2B2645BD3C003563FB /* NetworkManager.swift */ = {isa = PBXFileReference; lastKnownFileType = sourcecode.swift; path = NetworkManager.swift; sourceTree = "<group>"; };
		95468B2D2645C090003563FB /* WeatherResponse.swift */ = {isa = PBXFileReference; lastKnownFileType = sourcecode.swift; path = WeatherResponse.swift; sourceTree = "<group>"; };
		95468B2F2645C0D3003563FB /* Weather.swift */ = {isa = PBXFileReference; lastKnownFileType = sourcecode.swift; path = Weather.swift; sourceTree = "<group>"; };
		95468B312645C0E2003563FB /* WeatherDetail.swift */ = {isa = PBXFileReference; lastKnownFileType = sourcecode.swift; path = WeatherDetail.swift; sourceTree = "<group>"; };
		95468B332645C0F4003563FB /* DailyWeather.swift */ = {isa = PBXFileReference; lastKnownFileType = sourcecode.swift; path = DailyWeather.swift; sourceTree = "<group>"; };
		95468B352645C109003563FB /* Temperature.swift */ = {isa = PBXFileReference; lastKnownFileType = sourcecode.swift; path = Temperature.swift; sourceTree = "<group>"; };
		95468B37264691D7003563FB /* CityViewViewModel.swift */ = {isa = PBXFileReference; lastKnownFileType = sourcecode.swift; path = CityViewViewModel.swift; sourceTree = "<group>"; };
		95468B3C26470F0D003563FB /* nightClearSky.json */ = {isa = PBXFileReference; fileEncoding = 4; lastKnownFileType = text.json; path = nightClearSky.json; sourceTree = "<group>"; };
		95468B3D26470F0D003563FB /* nightScatterClouds.json */ = {isa = PBXFileReference; fileEncoding = 4; lastKnownFileType = text.json; path = nightScatterClouds.json; sourceTree = "<group>"; };
		95468B3E26470F0D003563FB /* nightFewClouds.json */ = {isa = PBXFileReference; fileEncoding = 4; lastKnownFileType = text.json; path = nightFewClouds.json; sourceTree = "<group>"; };
		95468B3F26470F0D003563FB /* nightThunderstorm.json */ = {isa = PBXFileReference; fileEncoding = 4; lastKnownFileType = text.json; path = nightThunderstorm.json; sourceTree = "<group>"; };
		95468B4026470F0E003563FB /* nightRain.json */ = {isa = PBXFileReference; fileEncoding = 4; lastKnownFileType = text.json; path = nightRain.json; sourceTree = "<group>"; };
		95468B4126470F0E003563FB /* dayClearSky.json */ = {isa = PBXFileReference; fileEncoding = 4; lastKnownFileType = text.json; path = dayClearSky.json; sourceTree = "<group>"; };
		95468B4226470F0E003563FB /* daySnow.json */ = {isa = PBXFileReference; fileEncoding = 4; lastKnownFileType = text.json; path = daySnow.json; sourceTree = "<group>"; };
		95468B4326470F0E003563FB /* dayFewClouds.json */ = {isa = PBXFileReference; fileEncoding = 4; lastKnownFileType = text.json; path = dayFewClouds.json; sourceTree = "<group>"; };
		95468B4426470F0E003563FB /* dayMist.json */ = {isa = PBXFileReference; fileEncoding = 4; lastKnownFileType = text.json; path = dayMist.json; sourceTree = "<group>"; };
		95468B4526470F0E003563FB /* nightSnow.json */ = {isa = PBXFileReference; fileEncoding = 4; lastKnownFileType = text.json; path = nightSnow.json; sourceTree = "<group>"; };
		95468B4626470F0E003563FB /* nightBrokenClouds.json */ = {isa = PBXFileReference; fileEncoding = 4; lastKnownFileType = text.json; path = nightBrokenClouds.json; sourceTree = "<group>"; };
		95468B4726470F0E003563FB /* dayRain.json */ = {isa = PBXFileReference; fileEncoding = 4; lastKnownFileType = text.json; path = dayRain.json; sourceTree = "<group>"; };
		95468B4826470F0E003563FB /* dayScatterClouds.json */ = {isa = PBXFileReference; fileEncoding = 4; lastKnownFileType = text.json; path = dayScatterClouds.json; sourceTree = "<group>"; };
		95468B4926470F0E003563FB /* dayShowerRains.json */ = {isa = PBXFileReference; fileEncoding = 4; lastKnownFileType = text.json; path = dayShowerRains.json; sourceTree = "<group>"; };
		95468B4A26470F0E003563FB /* nightShowerRains.json */ = {isa = PBXFileReference; fileEncoding = 4; lastKnownFileType = text.json; path = nightShowerRains.json; sourceTree = "<group>"; };
		95468B4B26470F0E003563FB /* dayBrokenClouds.json */ = {isa = PBXFileReference; fileEncoding = 4; lastKnownFileType = text.json; path = dayBrokenClouds.json; sourceTree = "<group>"; };
		95468B4C26470F0E003563FB /* nightMist.json */ = {isa = PBXFileReference; fileEncoding = 4; lastKnownFileType = text.json; path = nightMist.json; sourceTree = "<group>"; };
		95468B4D26470F0E003563FB /* dayThunderstorm.json */ = {isa = PBXFileReference; fileEncoding = 4; lastKnownFileType = text.json; path = dayThunderstorm.json; sourceTree = "<group>"; };
		95468B6026470F33003563FB /* LottieView.swift */ = {isa = PBXFileReference; lastKnownFileType = sourcecode.swift; path = LottieView.swift; sourceTree = "<group>"; };
/* End PBXFileReference section */

/* Begin PBXFrameworksBuildPhase section */
		95468B0D2645B70C003563FB /* Frameworks */ = {
			isa = PBXFrameworksBuildPhase;
			buildActionMask = 2147483647;
			files = (
				95468B3B26470EA0003563FB /* Lottie in Frameworks */,
			);
			runOnlyForDeploymentPostprocessing = 0;
		};
/* End PBXFrameworksBuildPhase section */

/* Begin PBXGroup section */
		95468B072645B70C003563FB = {
			isa = PBXGroup;
			children = (
				95468B122645B70C003563FB /* LottieWeatherApp */,
				95468B112645B70C003563FB /* Products */,
			);
			sourceTree = "<group>";
		};
		95468B112645B70C003563FB /* Products */ = {
			isa = PBXGroup;
			children = (
				95468B102645B70C003563FB /* LottieWeatherApp.app */,
			);
			name = Products;
			sourceTree = "<group>";
		};
		95468B122645B70C003563FB /* LottieWeatherApp */ = {
			isa = PBXGroup;
			children = (
				95468B262645BB5D003563FB /* LottieAnimations */,
				95468B252645BB55003563FB /* ViewModels */,
				95468B242645BB4C003563FB /* Models */,
				95468B232645BB30003563FB /* Network */,
				95468B222645BB2C003563FB /* Views */,
				95468B132645B70C003563FB /* LottieWeatherAppApp.swift */,
				95468B152645B70C003563FB /* ContentView.swift */,
				95468B172645B70E003563FB /* Assets.xcassets */,
				95468B1C2645B70E003563FB /* Info.plist */,
				95468B192645B70E003563FB /* Preview Content */,
			);
			path = LottieWeatherApp;
			sourceTree = "<group>";
		};
		95468B192645B70E003563FB /* Preview Content */ = {
			isa = PBXGroup;
			children = (
				95468B1A2645B70E003563FB /* Preview Assets.xcassets */,
			);
			path = "Preview Content";
			sourceTree = "<group>";
		};
		95468B222645BB2C003563FB /* Views */ = {
			isa = PBXGroup;
			children = (
				95468B6026470F33003563FB /* LottieView.swift */,
			);
			path = Views;
			sourceTree = "<group>";
		};
		95468B232645BB30003563FB /* Network */ = {
			isa = PBXGroup;
			children = (
				95468B272645BB8A003563FB /* API.swift */,
				95468B292645BBB7003563FB /* API+extensions.swift */,
				95468B2B2645BD3C003563FB /* NetworkManager.swift */,
			);
			path = Network;
			sourceTree = "<group>";
		};
		95468B242645BB4C003563FB /* Models */ = {
			isa = PBXGroup;
			children = (
				95468B2D2645C090003563FB /* WeatherResponse.swift */,
				95468B2F2645C0D3003563FB /* Weather.swift */,
				95468B312645C0E2003563FB /* WeatherDetail.swift */,
				95468B332645C0F4003563FB /* DailyWeather.swift */,
				95468B352645C109003563FB /* Temperature.swift */,
			);
			path = Models;
			sourceTree = "<group>";
		};
		95468B252645BB55003563FB /* ViewModels */ = {
			isa = PBXGroup;
			children = (
				95468B37264691D7003563FB /* CityViewViewModel.swift */,
			);
			path = ViewModels;
			sourceTree = "<group>";
		};
		95468B262645BB5D003563FB /* LottieAnimations */ = {
			isa = PBXGroup;
			children = (
				95468B4126470F0E003563FB /* dayClearSky.json */,
				95468B4326470F0E003563FB /* dayFewClouds.json */,
				95468B4826470F0E003563FB /* dayScatterClouds.json */,
				95468B4B26470F0E003563FB /* dayBrokenClouds.json */,
				95468B4926470F0E003563FB /* dayShowerRains.json */,
				95468B4726470F0E003563FB /* dayRain.json */,
				95468B4D26470F0E003563FB /* dayThunderstorm.json */,
				95468B4226470F0E003563FB /* daySnow.json */,
				95468B4426470F0E003563FB /* dayMist.json */,
				95468B4C26470F0E003563FB /* nightMist.json */,
				95468B4526470F0E003563FB /* nightSnow.json */,
				95468B3F26470F0D003563FB /* nightThunderstorm.json */,
				95468B4026470F0E003563FB /* nightRain.json */,
				95468B4A26470F0E003563FB /* nightShowerRains.json */,
				95468B4626470F0E003563FB /* nightBrokenClouds.json */,
				95468B3D26470F0D003563FB /* nightScatterClouds.json */,
				95468B3E26470F0D003563FB /* nightFewClouds.json */,
				95468B3C26470F0D003563FB /* nightClearSky.json */,
			);
			path = LottieAnimations;
			sourceTree = "<group>";
		};
/* End PBXGroup section */

/* Begin PBXNativeTarget section */
		95468B0F2645B70C003563FB /* LottieWeatherApp */ = {
			isa = PBXNativeTarget;
			buildConfigurationList = 95468B1F2645B70E003563FB /* Build configuration list for PBXNativeTarget "LottieWeatherApp" */;
			buildPhases = (
				95468B0C2645B70C003563FB /* Sources */,
				95468B0D2645B70C003563FB /* Frameworks */,
				95468B0E2645B70C003563FB /* Resources */,
			);
			buildRules = (
			);
			dependencies = (
			);
			name = LottieWeatherApp;
			packageProductDependencies = (
				95468B3A26470EA0003563FB /* Lottie */,
			);
			productName = LottieWeatherApp;
			productReference = 95468B102645B70C003563FB /* LottieWeatherApp.app */;
			productType = "com.apple.product-type.application";
		};
/* End PBXNativeTarget section */

/* Begin PBXProject section */
		95468B082645B70C003563FB /* Project object */ = {
			isa = PBXProject;
			attributes = {
				LastSwiftUpdateCheck = 1250;
				LastUpgradeCheck = 1250;
				TargetAttributes = {
					95468B0F2645B70C003563FB = {
						CreatedOnToolsVersion = 12.5;
					};
				};
			};
			buildConfigurationList = 95468B0B2645B70C003563FB /* Build configuration list for PBXProject "LottieWeatherApp" */;
			compatibilityVersion = "Xcode 9.3";
			developmentRegion = en;
			hasScannedForEncodings = 0;
			knownRegions = (
				en,
				Base,
			);
			mainGroup = 95468B072645B70C003563FB;
			packageReferences = (
				95468B3926470EA0003563FB /* XCRemoteSwiftPackageReference "lottie-ios" */,
			);
			productRefGroup = 95468B112645B70C003563FB /* Products */;
			projectDirPath = "";
			projectRoot = "";
			targets = (
				95468B0F2645B70C003563FB /* LottieWeatherApp */,
			);
		};
/* End PBXProject section */

/* Begin PBXResourcesBuildPhase section */
		95468B0E2645B70C003563FB /* Resources */ = {
			isa = PBXResourcesBuildPhase;
			buildActionMask = 2147483647;
			files = (
				95468B5126470F0E003563FB /* nightThunderstorm.json in Resources */,
				95468B5626470F0E003563FB /* dayMist.json in Resources */,
				95468B5D26470F0E003563FB /* dayBrokenClouds.json in Resources */,
				95468B1B2645B70E003563FB /* Preview Assets.xcassets in Resources */,
				95468B5526470F0E003563FB /* dayFewClouds.json in Resources */,
				95468B5026470F0E003563FB /* nightFewClouds.json in Resources */,
				95468B5226470F0E003563FB /* nightRain.json in Resources */,
				95468B5E26470F0E003563FB /* nightMist.json in Resources */,
				95468B182645B70E003563FB /* Assets.xcassets in Resources */,
				95468B5726470F0E003563FB /* nightSnow.json in Resources */,
				95468B5B26470F0E003563FB /* dayShowerRains.json in Resources */,
				95468B4F26470F0E003563FB /* nightScatterClouds.json in Resources */,
				95468B5826470F0E003563FB /* nightBrokenClouds.json in Resources */,
				95468B5326470F0E003563FB /* dayClearSky.json in Resources */,
				95468B5926470F0E003563FB /* dayRain.json in Resources */,
				95468B5C26470F0E003563FB /* nightShowerRains.json in Resources */,
				95468B5F26470F0E003563FB /* dayThunderstorm.json in Resources */,
				95468B5A26470F0E003563FB /* dayScatterClouds.json in Resources */,
				95468B5426470F0E003563FB /* daySnow.json in Resources */,
				95468B4E26470F0E003563FB /* nightClearSky.json in Resources */,
			);
			runOnlyForDeploymentPostprocessing = 0;
		};
/* End PBXResourcesBuildPhase section */

/* Begin PBXSourcesBuildPhase section */
		95468B0C2645B70C003563FB /* Sources */ = {
			isa = PBXSourcesBuildPhase;
			buildActionMask = 2147483647;
			files = (
				95468B2A2645BBB7003563FB /* API+extensions.swift in Sources */,
				95468B38264691D7003563FB /* CityViewViewModel.swift in Sources */,
				95468B322645C0E2003563FB /* WeatherDetail.swift in Sources */,
				95468B2E2645C090003563FB /* WeatherResponse.swift in Sources */,
				95468B162645B70C003563FB /* ContentView.swift in Sources */,
				95468B2C2645BD3C003563FB /* NetworkManager.swift in Sources */,
				95468B282645BB8A003563FB /* API.swift in Sources */,
				95468B142645B70C003563FB /* LottieWeatherAppApp.swift in Sources */,
				95468B302645C0D3003563FB /* Weather.swift in Sources */,
				95468B362645C109003563FB /* Temperature.swift in Sources */,
				95468B342645C0F4003563FB /* DailyWeather.swift in Sources */,
				95468B6126470F33003563FB /* LottieView.swift in Sources */,
			);
			runOnlyForDeploymentPostprocessing = 0;
		};
/* End PBXSourcesBuildPhase section */

/* Begin XCBuildConfiguration section */
		95468B1D2645B70E003563FB /* Debug */ = {
			isa = XCBuildConfiguration;
			buildSettings = {
				ALWAYS_SEARCH_USER_PATHS = NO;
				CLANG_ANALYZER_NONNULL = YES;
				CLANG_ANALYZER_NUMBER_OBJECT_CONVERSION = YES_AGGRESSIVE;
				CLANG_CXX_LANGUAGE_STANDARD = "gnu++14";
				CLANG_CXX_LIBRARY = "libc++";
				CLANG_ENABLE_MODULES = YES;
				CLANG_ENABLE_OBJC_ARC = YES;
				CLANG_ENABLE_OBJC_WEAK = YES;
				CLANG_WARN_BLOCK_CAPTURE_AUTORELEASING = YES;
				CLANG_WARN_BOOL_CONVERSION = YES;
				CLANG_WARN_COMMA = YES;
				CLANG_WARN_CONSTANT_CONVERSION = YES;
				CLANG_WARN_DEPRECATED_OBJC_IMPLEMENTATIONS = YES;
				CLANG_WARN_DIRECT_OBJC_ISA_USAGE = YES_ERROR;
				CLANG_WARN_DOCUMENTATION_COMMENTS = YES;
				CLANG_WARN_EMPTY_BODY = YES;
				CLANG_WARN_ENUM_CONVERSION = YES;
				CLANG_WARN_INFINITE_RECURSION = YES;
				CLANG_WARN_INT_CONVERSION = YES;
				CLANG_WARN_NON_LITERAL_NULL_CONVERSION = YES;
				CLANG_WARN_OBJC_IMPLICIT_RETAIN_SELF = YES;
				CLANG_WARN_OBJC_LITERAL_CONVERSION = YES;
				CLANG_WARN_OBJC_ROOT_CLASS = YES_ERROR;
				CLANG_WARN_QUOTED_INCLUDE_IN_FRAMEWORK_HEADER = YES;
				CLANG_WARN_RANGE_LOOP_ANALYSIS = YES;
				CLANG_WARN_STRICT_PROTOTYPES = YES;
				CLANG_WARN_SUSPICIOUS_MOVE = YES;
				CLANG_WARN_UNGUARDED_AVAILABILITY = YES_AGGRESSIVE;
				CLANG_WARN_UNREACHABLE_CODE = YES;
				CLANG_WARN__DUPLICATE_METHOD_MATCH = YES;
				COPY_PHASE_STRIP = NO;
				DEBUG_INFORMATION_FORMAT = dwarf;
				ENABLE_STRICT_OBJC_MSGSEND = YES;
				ENABLE_TESTABILITY = YES;
				GCC_C_LANGUAGE_STANDARD = gnu11;
				GCC_DYNAMIC_NO_PIC = NO;
				GCC_NO_COMMON_BLOCKS = YES;
				GCC_OPTIMIZATION_LEVEL = 0;
				GCC_PREPROCESSOR_DEFINITIONS = (
					"DEBUG=1",
					"$(inherited)",
				);
				GCC_WARN_64_TO_32_BIT_CONVERSION = YES;
				GCC_WARN_ABOUT_RETURN_TYPE = YES_ERROR;
				GCC_WARN_UNDECLARED_SELECTOR = YES;
				GCC_WARN_UNINITIALIZED_AUTOS = YES_AGGRESSIVE;
				GCC_WARN_UNUSED_FUNCTION = YES;
				GCC_WARN_UNUSED_VARIABLE = YES;
				IPHONEOS_DEPLOYMENT_TARGET = 14.5;
				MTL_ENABLE_DEBUG_INFO = INCLUDE_SOURCE;
				MTL_FAST_MATH = YES;
				ONLY_ACTIVE_ARCH = YES;
				SDKROOT = iphoneos;
				SWIFT_ACTIVE_COMPILATION_CONDITIONS = DEBUG;
				SWIFT_OPTIMIZATION_LEVEL = "-Onone";
			};
			name = Debug;
		};
		95468B1E2645B70E003563FB /* Release */ = {
			isa = XCBuildConfiguration;
			buildSettings = {
				ALWAYS_SEARCH_USER_PATHS = NO;
				CLANG_ANALYZER_NONNULL = YES;
				CLANG_ANALYZER_NUMBER_OBJECT_CONVERSION = YES_AGGRESSIVE;
				CLANG_CXX_LANGUAGE_STANDARD = "gnu++14";
				CLANG_CXX_LIBRARY = "libc++";
				CLANG_ENABLE_MODULES = YES;
				CLANG_ENABLE_OBJC_ARC = YES;
				CLANG_ENABLE_OBJC_WEAK = YES;
				CLANG_WARN_BLOCK_CAPTURE_AUTORELEASING = YES;
				CLANG_WARN_BOOL_CONVERSION = YES;
				CLANG_WARN_COMMA = YES;
				CLANG_WARN_CONSTANT_CONVERSION = YES;
				CLANG_WARN_DEPRECATED_OBJC_IMPLEMENTATIONS = YES;
				CLANG_WARN_DIRECT_OBJC_ISA_USAGE = YES_ERROR;
				CLANG_WARN_DOCUMENTATION_COMMENTS = YES;
				CLANG_WARN_EMPTY_BODY = YES;
				CLANG_WARN_ENUM_CONVERSION = YES;
				CLANG_WARN_INFINITE_RECURSION = YES;
				CLANG_WARN_INT_CONVERSION = YES;
				CLANG_WARN_NON_LITERAL_NULL_CONVERSION = YES;
				CLANG_WARN_OBJC_IMPLICIT_RETAIN_SELF = YES;
				CLANG_WARN_OBJC_LITERAL_CONVERSION = YES;
				CLANG_WARN_OBJC_ROOT_CLASS = YES_ERROR;
				CLANG_WARN_QUOTED_INCLUDE_IN_FRAMEWORK_HEADER = YES;
				CLANG_WARN_RANGE_LOOP_ANALYSIS = YES;
				CLANG_WARN_STRICT_PROTOTYPES = YES;
				CLANG_WARN_SUSPICIOUS_MOVE = YES;
				CLANG_WARN_UNGUARDED_AVAILABILITY = YES_AGGRESSIVE;
				CLANG_WARN_UNREACHABLE_CODE = YES;
				CLANG_WARN__DUPLICATE_METHOD_MATCH = YES;
				COPY_PHASE_STRIP = NO;
				DEBUG_INFORMATION_FORMAT = "dwarf-with-dsym";
				ENABLE_NS_ASSERTIONS = NO;
				ENABLE_STRICT_OBJC_MSGSEND = YES;
				GCC_C_LANGUAGE_STANDARD = gnu11;
				GCC_NO_COMMON_BLOCKS = YES;
				GCC_WARN_64_TO_32_BIT_CONVERSION = YES;
				GCC_WARN_ABOUT_RETURN_TYPE = YES_ERROR;
				GCC_WARN_UNDECLARED_SELECTOR = YES;
				GCC_WARN_UNINITIALIZED_AUTOS = YES_AGGRESSIVE;
				GCC_WARN_UNUSED_FUNCTION = YES;
				GCC_WARN_UNUSED_VARIABLE = YES;
				IPHONEOS_DEPLOYMENT_TARGET = 14.5;
				MTL_ENABLE_DEBUG_INFO = NO;
				MTL_FAST_MATH = YES;
				SDKROOT = iphoneos;
				SWIFT_COMPILATION_MODE = wholemodule;
				SWIFT_OPTIMIZATION_LEVEL = "-O";
				VALIDATE_PRODUCT = YES;
			};
			name = Release;
		};
		95468B202645B70E003563FB /* Debug */ = {
			isa = XCBuildConfiguration;
			buildSettings = {
				ASSETCATALOG_COMPILER_APPICON_NAME = AppIcon;
				ASSETCATALOG_COMPILER_GLOBAL_ACCENT_COLOR_NAME = AccentColor;
				CODE_SIGN_STYLE = Automatic;
				DEVELOPMENT_ASSET_PATHS = "\"LottieWeatherApp/Preview Content\"";
				DEVELOPMENT_TEAM = L8W86DZDY2;
				ENABLE_PREVIEWS = YES;
				INFOPLIST_FILE = LottieWeatherApp/Info.plist;
				IPHONEOS_DEPLOYMENT_TARGET = 14.0;
				LD_RUNPATH_SEARCH_PATHS = (
					"$(inherited)",
					"@executable_path/Frameworks",
				);
				PRODUCT_BUNDLE_IDENTIFIER = com.ri.LottieWeatherApp;
				PRODUCT_NAME = "$(TARGET_NAME)";
				SWIFT_VERSION = 5.0;
				TARGETED_DEVICE_FAMILY = "1,2";
			};
			name = Debug;
		};
		95468B212645B70E003563FB /* Release */ = {
			isa = XCBuildConfiguration;
			buildSettings = {
				ASSETCATALOG_COMPILER_APPICON_NAME = AppIcon;
				ASSETCATALOG_COMPILER_GLOBAL_ACCENT_COLOR_NAME = AccentColor;
				CODE_SIGN_STYLE = Automatic;
				DEVELOPMENT_ASSET_PATHS = "\"LottieWeatherApp/Preview Content\"";
				DEVELOPMENT_TEAM = L8W86DZDY2;
				ENABLE_PREVIEWS = YES;
				INFOPLIST_FILE = LottieWeatherApp/Info.plist;
				IPHONEOS_DEPLOYMENT_TARGET = 14.0;
				LD_RUNPATH_SEARCH_PATHS = (
					"$(inherited)",
					"@executable_path/Frameworks",
				);
				PRODUCT_BUNDLE_IDENTIFIER = com.ri.LottieWeatherApp;
				PRODUCT_NAME = "$(TARGET_NAME)";
				SWIFT_VERSION = 5.0;
				TARGETED_DEVICE_FAMILY = "1,2";
			};
			name = Release;
		};
/* End XCBuildConfiguration section */

/* Begin XCConfigurationList section */
		95468B0B2645B70C003563FB /* Build configuration list for PBXProject "LottieWeatherApp" */ = {
			isa = XCConfigurationList;
			buildConfigurations = (
				95468B1D2645B70E003563FB /* Debug */,
				95468B1E2645B70E003563FB /* Release */,
			);
			defaultConfigurationIsVisible = 0;
			defaultConfigurationName = Release;
		};
		95468B1F2645B70E003563FB /* Build configuration list for PBXNativeTarget "LottieWeatherApp" */ = {
			isa = XCConfigurationList;
			buildConfigurations = (
				95468B202645B70E003563FB /* Debug */,
				95468B212645B70E003563FB /* Release */,
			);
			defaultConfigurationIsVisible = 0;
			defaultConfigurationName = Release;
		};
/* End XCConfigurationList section */

/* Begin XCRemoteSwiftPackageReference section */
		95468B3926470EA0003563FB /* XCRemoteSwiftPackageReference "lottie-ios" */ = {
			isa = XCRemoteSwiftPackageReference;
			repositoryURL = "https://github.com/airbnb/lottie-ios.git";
			requirement = {
				kind = upToNextMajorVersion;
				minimumVersion = 3.2.2;
			};
		};
/* End XCRemoteSwiftPackageReference section */

/* Begin XCSwiftPackageProductDependency section */
		95468B3A26470EA0003563FB /* Lottie */ = {
			isa = XCSwiftPackageProductDependency;
			package = 95468B3926470EA0003563FB /* XCRemoteSwiftPackageReference "lottie-ios" */;
			productName = Lottie;
		};
/* End XCSwiftPackageProductDependency section */
	};
	rootObject = 95468B082645B70C003563FB /* Project object */;
}
